{
  "version": 1,
  "dependencies": {
    "net10.0-windows7.0": {
      "coverlet.collector": {
        "type": "Direct",
        "requested": "[10.0.1, )",
        "resolved": "10.0.1",
        "contentHash": "27jXSV/0DbVqF5jDrAxuQFZ9oaz6gmG03p8ttxAFk+X0M4woFYj7MoWDLCna5EGLb0CE6OE7X6ZH3Wt5smTtaA=="
      },
      "Microsoft.NET.Test.Sdk": {
        "type": "Direct",
        "requested": "[18.10.1, )",
        "resolved": "18.10.1",
        "contentHash": "SxCFvJE/2ltUQgCgv6+Ixagohw4sZc9hM7Wid2foaNM7paBscktoHLoRDz91fW8wbHG87Rg9Ku59/8PXumqUrA==",
        "dependencies": {
          "Microsoft.CodeCoverage": "18.10.1",
          "Microsoft.TestPlatform.TestHost": "18.10.1"
        }
      },
      "xunit.analyzers": {
        "type": "Direct",
        "requested": "[2.1.0, )",
        "resolved": "2.1.0",
        "contentHash": "X7QXEcZQGz0G/HL4HUyK+aAvNa/IMGbOCnFIq4jD/Evktq12xANKwzOUr7b08vCmC1LXu/47qHWOdjm3KfaJ0A=="
      },
      "xunit.runner.visualstudio": {
        "type": "Direct",
        "requested": "[4.0.0, )",
        "resolved": "4.0.0",
        "contentHash": "kzLFyBYUnoidpGOXvpNOfIo8C92gVgVR6X8ncHwhcrDYugiOut5rrhDkr0L3cWHd7J2pKXf6LgaeXoBBDlx1ag=="
      },
      "xunit.v3": {
        "type": "Direct",
        "requested": "[4.0.1, )",
        "resolved": "4.0.1",
        "contentHash": "KpDYf6jFjYfOchuRJOAXPOpwN03hLE1AF4kWzCUSnhr8JZMiGH4BT1YidCcm6BE1H4E90GyJzuKoCwXbg9PXmA==",
        "dependencies": {
          "xunit.v3.mtp-v2": "[4.0.1]"
        }
      },
      "Microsoft.ApplicationInsights": {
        "type": "Transitive",
        "resolved": "2.23.0",
        "contentHash": "nWArUZTdU7iqZLycLKWe0TDms48KKGE6pONH2terYNa8REXiqixrMOkf1sk5DHGMaUTqONU2YkS4SAXBhLStgw=="
      },
      "Microsoft.Bcl.AsyncInterfaces": {
        "type": "Transitive",
        "resolved": "6.0.0",
        "contentHash": "UcSjPsst+DfAdJGVDsu346FX0ci0ah+lw3WRtn18NUwEqRt70HaOQ7lI72vy3+1LxtqI3T5GWwV39rQSrCzAeg=="
      },
      "Microsoft.CodeCoverage": {
        "type": "Transitive",
        "resolved": "18.10.1",
        "contentHash": "tV7tCyp/t+DuwQugLkCeUN7NBFFB4fEGRPr0gkMQ2nQgAvQQjmGlZZi1dsLzbyoe/A0mbnKybmkIh8qhT9p4Zw=="
      },
      "Microsoft.Testing.Extensions.Telemetry": {
        "type": "Transitive",
        "resolved": "2.4.0",
        "contentHash": "JeP1RFqBa11fWmBk8xEfZcMKr4rxWSyI6OZ+659V069CaMkTEOQBW2UdSSeNz3absOsygcn7JJkzerC4LGnZ9w==",
        "dependencies": {
          "Microsoft.ApplicationInsights": "2.23.0",
          "Microsoft.Testing.Platform": "[2.4.0, 3.0.0)"
        }
      },
      "Microsoft.Testing.Extensions.TrxReport.Abstractions": {
        "type": "Transitive",
        "resolved": "2.4.0",
        "contentHash": "uRb+4qM42dFDg4kWJZ2kFEcwESNVCRZJjItp5vETorN3rSJGysP617LqYirOcrCYmxg+obPreHMM5JcsNDKtBw==",
        "dependencies": {
          "Microsoft.Testing.Platform": "[2.4.0, 3.0.0)"
        }
      },
      "Microsoft.Testing.Platform": {
        "type": "Transitive",
        "resolved": "2.4.0",
        "contentHash": "dp1N3P1ujb0ztwFgqz2o/ItEvq+pm19/AiA+Xq7Zpcy7oPMcxDBZLYGtf0LlU1MveEBJuKVjZhI+LnkfcH/0jQ=="
      },
      "Microsoft.Testing.Platform.MSBuild": {
        "type": "Transitive",
        "resolved": "2.4.0",
        "contentHash": "qr5M6h16YHMJLFDcWELFVMMpGte2BUmveBZKT5YoBV+bmuJRPu9bv/Zqke4yQuOEKRNxoAETrG5jr+/6Rnr3Hg==",
        "dependencies": {
          "Microsoft.Testing.Platform": "[2.4.0, 3.0.0)"
        }
      },
      "Microsoft.TestPlatform.ObjectModel": {
        "type": "Transitive",
        "resolved": "18.10.1",
        "contentHash": "o+PuLDRVp1iwiVAPBADZItXgm9Ck23XtPhE4kZtZVi0uYnMiiz1Dx9Cjh75kJ+ijfqnORL3VOTOaQVKi0f/ixg=="
      },
      "Microsoft.TestPlatform.TestHost": {
        "type": "Transitive",
        "resolved": "18.10.1",
        "contentHash": "KYz2omqkoz9E2mWa4fdgT+Ycie1wi5968EmyJlusjlp87RxxtA2FvDm8tcBEYIDzLnkWGnsKjE4d13Z7/rxkQA==",
        "dependencies": {
          "Microsoft.TestPlatform.ObjectModel": "18.10.1"
        }
      },
      "Microsoft.Win32.Registry": {
        "type": "Transitive",
        "resolved": "5.0.0",
        "contentHash": "dDoKi0PnDz31yAyETfRntsLArTlVAVzUzCIvvEDsDsucrl33Dl8pIJG06ePTJTI3tGpeyHS9Cq7Foc/s4EeKcg=="
      },
      "runtime.android-arm.runtime.native.System.IO.Ports": {
        "type": "Transitive",
        "resolved": "10.0.12",
        "contentHash": "Z/jM+BuTfcX79NS8VbO4d15Tkyu8EqO2E8U3HiTQPpohGzhJFwlh6BNzbo/sYfhJSCPOzgSTNRNwIdT4LnVIRA=="
      },
      "runtime.android-arm64.runtime.native.System.IO.Ports": {
        "type": "Transitive",
        "resolved": "10.0.12",
        "contentHash": "utoE99MiG/ridu5LjjQifFt6qQ3vqGzWJt32McOc6BpgYfT8jcujFZTR3XKo5vbOH0P81niXQLYXq5wUkm8s5Q=="
      },
      "runtime.android-x64.runtime.native.System.IO.Ports": {
        "type": "Transitive",
        "resolved": "10.0.12",
        "contentHash": "j/bG8wTQ+qABBQtLqnvjna/e7EwN+oQKeXQF1J2sYp1qtAnrU93XukWk55gLcWPuStd/oEEGdBnmyS/rIJ2hRw=="
      },
      "runtime.android-x86.runtime.native.System.IO.Ports": {
        "type": "Transitive",
        "resolved": "10.0.12",
        "contentHash": "UnOkndww8moHF8NKSFyslswuIkEKOmxAdIW83gg2CV2JTh4G62jZ7PNYbSrYH2BTbAQA7UTGZWZgOALu/LzVVQ=="
      },
      "runtime.linux-arm.runtime.native.System.IO.Ports": {
        "type": "Transitive",
        "resolved": "10.0.12",
        "contentHash": "SZMB6F6EiZFNTHs5ado5lwqXsYit/bQdtSeaP/HxHqlJ67+aBwsElmT88UUZCnHTvdcSxNyntzelHmK2U6j+6g=="
      },
      "runtime.linux-arm64.runtime.native.System.IO.Ports": {
        "type": "Transitive",
        "resolved": "10.0.12",
        "contentHash": "C++hCDe7uJB69rlC8C4yBVxe6oJMCwK6+wXCHKz/8yHUm4UDUojxOj/DaXfK2M9zLVEurjEQTqfEKTkI5rmAhg=="
      },
      "runtime.linux-bionic-arm64.runtime.native.System.IO.Ports": {
        "type": "Transitive",
        "resolved": "10.0.12",
        "contentHash": "aPlLOh2vMfMiWaEcxB72t4LZehqXria6O+/KSwk0SClBDEDOetDMeGzvAL2eSW49GTTJOUgfPG4Ar6AYGpOeOg=="
      },
      "runtime.linux-bionic-x64.runtime.native.System.IO.Ports": {
        "type": "Transitive",
        "resolved": "10.0.12",
        "contentHash": "39560dDxf2JWUjeBKPh+1Hzijsd60U2W5UMc2iqno/qae7ESARett9JegQA8q0rgqztGBzZFfr8GvVu2QptYpA=="
      },
      "runtime.linux-musl-arm.runtime.native.System.IO.Ports": {
        "type": "Transitive",
        "resolved": "10.0.12",
        "contentHash": "2KI4Qr0w17xkKtLXgo5e3BkElEa4bTCapevoNOH9NgRZKIKmHiwGWDVHWjLp8z8oGpeF3cD4YNuJmycT/yMzkg=="
      },
      "runtime.linux-musl-arm64.runtime.native.System.IO.Ports": {
        "type": "Transitive",
        "resolved": "10.0.12",
        "contentHash": "HSZfyGYdk/AQpN1TjdAE7DbUItEMPPoOemNSQ+fMwT0r7ATigIK9Z0RA+q/J6aZGg0qh9s0ekm/9xxEIZzOnLA=="
      },
      "runtime.linux-musl-x64.runtime.native.System.IO.Ports": {
        "type": "Transitive",
        "resolved": "10.0.12",
        "contentHash": "T4QpdiKC2SnSREXzex8METnaj5F9KL0hIcDypDhONRXykmySxLSUnLV1u6hMtxONhKo1RXTGg0P/+zZ95cREaw=="
      },
      "runtime.linux-x64.runtime.native.System.IO.Ports": {
        "type": "Transitive",
        "resolved": "10.0.12",
        "contentHash": "MDmkBZV5iTMC/vBcWupVo50Uj/I+nWUeB/DaG4ZbowZFJWPiViCaJpCkgABnRBtXLdzIMEtqQ2GwPbp1JlkzTw=="
      },
      "runtime.maccatalyst-arm64.runtime.native.System.IO.Ports": {
        "type": "Transitive",
        "resolved": "10.0.12",
        "contentHash": "0jKM5ZXk+o24eoOFmjN04vkojBBx1LLahDt/xCayu1AGbY5vnruHFrLEAd8vxDMmkOsm7eC6DwQ/uDRni88h4g=="
      },
      "runtime.maccatalyst-x64.runtime.native.System.IO.Ports": {
        "type": "Transitive",
        "resolved": "10.0.12",
        "contentHash": "ztIRG0G+EJDg++jVibtGTEJS70H90xUPPOPZKgnlwzvgaf/2nMgYvr+nxkVRoVFyQJXSJ11Z8PVDBKOyFdVk7Q=="
      },
      "runtime.native.System.IO.Ports": {
        "type": "Transitive",
        "resolved": "10.0.12",
        "contentHash": "yBj+VYnDoB0jaq9mKgtDZJ13VndsD3WsDuWeqPaN1AXVwg7XgxHhxSq8+t7dWnTZY2kIC0qqmXH05DbdiOgtRw==",
        "dependencies": {
          "runtime.android-arm.runtime.native.System.IO.Ports": "10.0.12",
          "runtime.android-arm64.runtime.native.System.IO.Ports": "10.0.12",
          "runtime.android-x64.runtime.native.System.IO.Ports": "10.0.12",
          "runtime.android-x86.runtime.native.System.IO.Ports": "10.0.12",
          "runtime.linux-arm.runtime.native.System.IO.Ports": "10.0.12",
          "runtime.linux-arm64.runtime.native.System.IO.Ports": "10.0.12",
          "runtime.linux-bionic-arm64.runtime.native.System.IO.Ports": "10.0.12",
          "runtime.linux-bionic-x64.runtime.native.System.IO.Ports": "10.0.12",
          "runtime.linux-musl-arm.runtime.native.System.IO.Ports": "10.0.12",
          "runtime.linux-musl-arm64.runtime.native.System.IO.Ports": "10.0.12",
          "runtime.linux-musl-x64.runtime.native.System.IO.Ports": "10.0.12",
          "runtime.linux-x64.runtime.native.System.IO.Ports": "10.0.12",
          "runtime.maccatalyst-arm64.runtime.native.System.IO.Ports": "10.0.12",
          "runtime.maccatalyst-x64.runtime.native.System.IO.Ports": "10.0.12",
          "runtime.osx-arm64.runtime.native.System.IO.Ports": "10.0.12",
          "runtime.osx-x64.runtime.native.System.IO.Ports": "10.0.12"
        }
      },
      "runtime.osx-arm64.runtime.native.System.IO.Ports": {
        "type": "Transitive",
        "resolved": "10.0.12",
        "contentHash": "UqHl4MuMB3pNx1l5H1IFroh739Gq/yuF1IeXgMIaeFVWF+3YVRhZY4GvOCWfaQdBOUXIHezN6vxXnCO6ENdf2g=="
      },
      "runtime.osx-x64.runtime.native.System.IO.Ports": {
        "type": "Transitive",
        "resolved": "10.0.12",
        "contentHash": "xW3WrR+5Q5lKfsZpVD5I3H72xGKBPgdXnw+/qi/bN33TUP2dCOhZp4vQ5wB86WXfAv6QL9Jy55s5k9AalajO5w=="
      },
      "System.IO.Ports": {
        "type": "Transitive",
        "resolved": "10.0.12",
        "contentHash": "qUa36rEId4mz9sf7mICT3kKC0DUetmqaKSmJxPPx2hgT7U8qDTjCSrqmWkCIWpU00f2ltWloYB0iy5BKymIuuQ==",
        "dependencies": {
          "runtime.native.System.IO.Ports": "10.0.12"
        }
      },
      "System.Security.AccessControl": {
        "type": "Transitive",
        "resolved": "6.0.1",
        "contentHash": "IQ4NXP/B3Ayzvw0rDQzVTYsCKyy0Jp9KI6aYcK7UnGVlR9+Awz++TIPCQtPYfLJfOpm8ajowMR09V7quD3sEHw=="
      },
      "xunit.v3.assert": {
        "type": "Transitive",
        "resolved": "4.0.1",
        "contentHash": "nC7d3cY06Oo7hkdwWPZkBR0Ud75xNhgx0P7i0GmMMZC3puCGlc4szFiT30biH03IN/eDnr8h+nv3A1UD17bk/A=="
      },
      "xunit.v3.common": {
        "type": "Transitive",
        "resolved": "4.0.1",
        "contentHash": "Qf25TVdadDQYf9zVxSd7L9RNQhuP0jCUHmo96XTmIKLxGefylIEV63jRbXBPFzdXmV09TCdcurk+AQ9LiWS2Hg==",
        "dependencies": {
          "Microsoft.Bcl.AsyncInterfaces": "6.0.0"
        }
      },
      "xunit.v3.core.mtp-v2": {
        "type": "Transitive",
        "resolved": "4.0.1",
        "contentHash": "7qfTfrIfS2wybpSVyRLmhXHbSudD2eNw66LfukixmKsRCTcfvOrLsx0qGL/lObcEh3Z2F4SIXgoFnLIiB8yfjQ==",
        "dependencies": {
          "Microsoft.Testing.Extensions.Telemetry": "2.4.0",
          "Microsoft.Testing.Extensions.TrxReport.Abstractions": "2.4.0",
          "Microsoft.Testing.Platform": "2.4.0",
          "Microsoft.Testing.Platform.MSBuild": "2.4.0",
          "xunit.v3.extensibility.core": "[4.0.1]",
          "xunit.v3.runner.inproc.console": "[4.0.1]"
        }
      },
      "xunit.v3.extensibility.core": {
        "type": "Transitive",
        "resolved": "4.0.1",
        "contentHash": "J0d5OfFcp920nZxCRIvU14+TZhiSPQR0wvqEMZ3MRiJLPu1VmYlcRNkmcSW0i1DwkB81gAHc+fHUQf/cU64MYg==",
        "dependencies": {
          "xunit.v3.common": "[4.0.1]"
        }
      },
      "xunit.v3.mtp-v2": {
        "type": "Transitive",
        "resolved": "4.0.1",
        "contentHash": "s88KiWwDDYgOWV3A+ViJiqCe9cLU/Rt6Gb5TfOC7Abv/HKSoj4IHVPcOQk7jPt7HhZHHEts5IuaVpB30eO5B1w==",
        "dependencies": {
          "xunit.analyzers": "2.1.0",
          "xunit.v3.assert": "[4.0.1]",
          "xunit.v3.core.mtp-v2": "[4.0.1]"
        }
      },
      "xunit.v3.runner.common": {
        "type": "Transitive",
        "resolved": "4.0.1",
        "contentHash": "p9AyfBpj2e5Iws8B57SbLiSngg7mEdvegHInKR4T2cjt2mis9h8htVgCnmu//agZO4zri6p6VQOj5EkHHTy3gA==",
        "dependencies": {
          "Microsoft.Win32.Registry": "[5.0.0]",
          "System.Security.AccessControl": "[6.0.1]",
          "xunit.v3.common": "[4.0.1]"
        }
      },
      "xunit.v3.runner.inproc.console": {
        "type": "Transitive",
        "resolved": "4.0.1",
        "contentHash": "Hqwfd6ehMIhPmVWUQ2dgmknzuLFTWeyp8ES1q3D4YR5bQVyiXDcaIoaFwqAz2zgLr49WaW4Mz7VVncP7u/Q8/Q==",
        "dependencies": {
          "xunit.v3.extensibility.core": "[4.0.1]",
          "xunit.v3.runner.common": "[4.0.1]"
        }
      },
      "codextray": {
        "type": "Project",
        "dependencies": {
          "System.IO.Ports": "[10.0.12, )"
        }
      }
    }
  }
}